// !$*UTF8*$!
{
	archiveVersion = 1;
	classes = {
	};
	objectVersion = 50;
	objects = {

/* Begin PBXBuildFile section */
		A5A17F5823D8197A007D1CA9 /* AppDelegate.swift in Sources */ = {isa = PBXBuildFile; fileRef = A5A17F5723D8197A007D1CA9 /* AppDelegate.swift */; };
		A5A17F5A23D8197A007D1CA9 /* SceneDelegate.swift in Sources */ = {isa = PBXBuildFile; fileRef = A5A17F5923D8197A007D1CA9 /* SceneDelegate.swift */; };
		A5A17F6123D81980007D1CA9 /* Assets.xcassets in Resources */ = {isa = PBXBuildFile; fileRef = A5A17F6023D81980007D1CA9 /* Assets.xcassets */; };
		A5A17F6423D81980007D1CA9 /* LaunchScreen.storyboard in Resources */ = {isa = PBXBuildFile; fileRef = A5A17F6223D81980007D1CA9 /* LaunchScreen.storyboard */; };
		A5CD7D7A23F1B8C00099F89D /* MyTableViewCell.swift in Sources */ = {isa = PBXBuildFile; fileRef = A5CD7D7723F1B8C00099F89D /* MyTableViewCell.swift */; };
		A5CD7D7B23F1B8C00099F89D /* OneViewController.swift in Sources */ = {isa = PBXBuildFile; fileRef = A5CD7D7823F1B8C00099F89D /* OneViewController.swift */; };
		A5CD7D7C23F1B8C00099F89D /* MainViewController.swift in Sources */ = {isa = PBXBuildFile; fileRef = A5CD7D7923F1B8C00099F89D /* MainViewController.swift */; };
		A5FDD35E23DED74B007D1DC7 /* githubtest.pdf in Resources */ = {isa = PBXBuildFile; fileRef = A5FDD35D23DED74B007D1DC7 /* githubtest.pdf */; };
/* End PBXBuildFile section */

/* Begin PBXFileReference section */
		A5A17F5423D8197A007D1CA9 /* TestForHome.app */ = {isa = PBXFileReference; explicitFileType = wrapper.application; includeInIndex = 0; path = TestForHome.app; sourceTree = BUILT_PRODUCTS_DIR; };
		A5A17F5723D8197A007D1CA9 /* AppDelegate.swift */ = {isa = PBXFileReference; lastKnownFileType = sourcecode.swift; path = AppDelegate.swift; sourceTree = "<group>"; };
		A5A17F5923D8197A007D1CA9 /* SceneDelegate.swift */ = {isa = PBXFileReference; lastKnownFileType = sourcecode.swift; path = SceneDelegate.swift; sourceTree = "<group>"; };
		A5A17F6023D81980007D1CA9 /* Assets.xcassets */ = {isa = PBXFileReference; lastKnownFileType = folder.assetcatalog; path = Assets.xcassets; sourceTree = "<group>"; };
		A5A17F6323D81980007D1CA9 /* Base */ = {isa = PBXFileReference; lastKnownFileType = file.storyboard; name = Base; path = Base.lproj/LaunchScreen.storyboard; sourceTree = "<group>"; };
		A5A17F6523D81980007D1CA9 /* Info.plist */ = {isa = PBXFileReference; lastKnownFileType = text.plist.xml; path = Info.plist; sourceTree = "<group>"; };
		A5CD7D7723F1B8C00099F89D /* MyTableViewCell.swift */ = {isa = PBXFileReference; fileEncoding = 4; lastKnownFileType = sourcecode.swift; path = MyTableViewCell.swift; sourceTree = "<group>"; };
		A5CD7D7823F1B8C00099F89D /* OneViewController.swift */ = {isa = PBXFileReference; fileEncoding = 4; lastKnownFileType = sourcecode.swift; path = OneViewController.swift; sourceTree = "<group>"; };
		A5CD7D7923F1B8C00099F89D /* MainViewController.swift */ = {isa = PBXFileReference; fileEncoding = 4; lastKnownFileType = sourcecode.swift; path = MainViewController.swift; sourceTree = "<group>"; };
		A5FDD35D23DED74B007D1DC7 /* githubtest.pdf */ = {isa = PBXFileReference; lastKnownFileType = image.pdf; path = githubtest.pdf; sourceTree = "<group>"; };
/* End PBXFileReference section */

/* Begin PBXFrameworksBuildPhase section */
		A5A17F5123D8197A007D1CA9 /* Frameworks */ = {
			isa = PBXFrameworksBuildPhase;
			buildActionMask = 2147483647;
			files = (
			);
			runOnlyForDeploymentPostprocessing = 0;
		};
/* End PBXFrameworksBuildPhase section */

/* Begin PBXGroup section */
		A5A17F4B23D8197A007D1CA9 = {
			isa = PBXGroup;
			children = (
				A5A17F5623D8197A007D1CA9 /* TestForHome */,
				A5A17F5523D8197A007D1CA9 /* Products */,
			);
			sourceTree = "<group>";
		};
		A5A17F5523D8197A007D1CA9 /* Products */ = {
			isa = PBXGroup;
			children = (
				A5A17F5423D8197A007D1CA9 /* TestForHome.app */,
			);
			name = Products;
			sourceTree = "<group>";
		};
		A5A17F5623D8197A007D1CA9 /* TestForHome */ = {
			isa = PBXGroup;
			children = (
				A5CD7D7D23F1B8C60099F89D /* Scenes */,
				A5A17F5723D8197A007D1CA9 /* AppDelegate.swift */,
				A5A17F5923D8197A007D1CA9 /* SceneDelegate.swift */,
				A5A17F6023D81980007D1CA9 /* Assets.xcassets */,
				A5FDD35D23DED74B007D1DC7 /* githubtest.pdf */,
				A5A17F6223D81980007D1CA9 /* LaunchScreen.storyboard */,
				A5A17F6523D81980007D1CA9 /* Info.plist */,
			);
			path = TestForHome;
			sourceTree = "<group>";
		};
		A5CD7D7D23F1B8C60099F89D /* Scenes */ = {
			isa = PBXGroup;
			children = (
				A5CD7D7923F1B8C00099F89D /* MainViewController.swift */,
				A5CD7D7723F1B8C00099F89D /* MyTableViewCell.swift */,
				A5CD7D7823F1B8C00099F89D /* OneViewController.swift */,
			);
			path = Scenes;
			sourceTree = "<group>";
		};
/* End PBXGroup section */

/* Begin PBXNativeTarget section */
		A5A17F5323D8197A007D1CA9 /* TestForHome */ = {
			isa = PBXNativeTarget;
			buildConfigurationList = A5A17F6823D81980007D1CA9 /* Build configuration list for PBXNativeTarget "TestForHome" */;
			buildPhases = (
				A5A17F5023D8197A007D1CA9 /* Sources */,
				A5A17F5123D8197A007D1CA9 /* Frameworks */,
				A5A17F5223D8197A007D1CA9 /* Resources */,
			);
			buildRules = (
			);
			dependencies = (
			);
			name = TestForHome;
			productName = TestForHome;
			productReference = A5A17F5423D8197A007D1CA9 /* TestForHome.app */;
			productType = "com.apple.product-type.application";
		};
/* End PBXNativeTarget section */

/* Begin PBXProject section */
		A5A17F4C23D8197A007D1CA9 /* Project object */ = {
			isa = PBXProject;
			attributes = {
				LastSwiftUpdateCheck = 1130;
				LastUpgradeCheck = 1130;
				ORGANIZATIONNAME = Sergey;
				TargetAttributes = {
					A5A17F5323D8197A007D1CA9 = {
						CreatedOnToolsVersion = 11.3.1;
					};
				};
			};
			buildConfigurationList = A5A17F4F23D8197A007D1CA9 /* Build configuration list for PBXProject "TestForHome" */;
			compatibilityVersion = "Xcode 9.3";
			developmentRegion = en;
			hasScannedForEncodings = 0;
			knownRegions = (
				en,
				Base,
			);
			mainGroup = A5A17F4B23D8197A007D1CA9;
			productRefGroup = A5A17F5523D8197A007D1CA9 /* Products */;
			projectDirPath = "";
			projectRoot = "";
			targets = (
				A5A17F5323D8197A007D1CA9 /* TestForHome */,
			);
		};
/* End PBXProject section */

/* Begin PBXResourcesBuildPhase section */
		A5A17F5223D8197A007D1CA9 /* Resources */ = {
			isa = PBXResourcesBuildPhase;
			buildActionMask = 2147483647;
			files = (
				A5A17F6423D81980007D1CA9 /* LaunchScreen.storyboard in Resources */,
				A5A17F6123D81980007D1CA9 /* Assets.xcassets in Resources */,
				A5FDD35E23DED74B007D1DC7 /* githubtest.pdf in Resources */,
			);
			runOnlyForDeploymentPostprocessing = 0;
		};
/* End PBXResourcesBuildPhase section */

/* Begin PBXSourcesBuildPhase section */
		A5A17F5023D8197A007D1CA9 /* Sources */ = {
			isa = PBXSourcesBuildPhase;
			buildActionMask = 2147483647;
			files = (
				A5A17F5823D8197A007D1CA9 /* AppDelegate.swift in Sources */,
				A5A17F5A23D8197A007D1CA9 /* SceneDelegate.swift in Sources */,
				A5CD7D7A23F1B8C00099F89D /* MyTableViewCell.swift in Sources */,
				A5CD7D7B23F1B8C00099F89D /* OneViewController.swift in Sources */,
				A5CD7D7C23F1B8C00099F89D /* MainViewController.swift in Sources */,
			);
			runOnlyForDeploymentPostprocessing = 0;
		};
/* End PBXSourcesBuildPhase section */

/* Begin PBXVariantGroup section */
		A5A17F6223D81980007D1CA9 /* LaunchScreen.storyboard */ = {
			isa = PBXVariantGroup;
			children = (
				A5A17F6323D81980007D1CA9 /* Base */,
			);
			name = LaunchScreen.storyboard;
			sourceTree = "<group>";
		};
/* End PBXVariantGroup section */

/* Begin XCBuildConfiguration section */
		A5A17F6623D81980007D1CA9 /* Debug */ = {
			isa = XCBuildConfiguration;
			buildSettings = {
				ALWAYS_SEARCH_USER_PATHS = NO;
				CLANG_ANALYZER_NONNULL = YES;
				CLANG_ANALYZER_NUMBER_OBJECT_CONVERSION = YES_AGGRESSIVE;
				CLANG_CXX_LANGUAGE_STANDARD = "gnu++14";
				CLANG_CXX_LIBRARY = "libc++";
				CLANG_ENABLE_MODULES = YES;
				CLANG_ENABLE_OBJC_ARC = YES;
				CLANG_ENABLE_OBJC_WEAK = YES;
				CLANG_WARN_BLOCK_CAPTURE_AUTORELEASING = YES;
				CLANG_WARN_BOOL_CONVERSION = YES;
				CLANG_WARN_COMMA = YES;
				CLANG_WARN_CONSTANT_CONVERSION = YES;
				CLANG_WARN_DEPRECATED_OBJC_IMPLEMENTATIONS = YES;
				CLANG_WARN_DIRECT_OBJC_ISA_USAGE = YES_ERROR;
				CLANG_WARN_DOCUMENTATION_COMMENTS = YES;
				CLANG_WARN_EMPTY_BODY = YES;
				CLANG_WARN_ENUM_CONVERSION = YES;
				CLANG_WARN_INFINITE_RECURSION = YES;
				CLANG_WARN_INT_CONVERSION = YES;
				CLANG_WARN_NON_LITERAL_NULL_CONVERSION = YES;
				CLANG_WARN_OBJC_IMPLICIT_RETAIN_SELF = YES;
				CLANG_WARN_OBJC_LITERAL_CONVERSION = YES;
				CLANG_WARN_OBJC_ROOT_CLASS = YES_ERROR;
				CLANG_WARN_RANGE_LOOP_ANALYSIS = YES;
				CLANG_WARN_STRICT_PROTOTYPES = YES;
				CLANG_WARN_SUSPICIOUS_MOVE = YES;
				CLANG_WARN_UNGUARDED_AVAILABILITY = YES_AGGRESSIVE;
				CLANG_WARN_UNREACHABLE_CODE = YES;
				CLANG_WARN__DUPLICATE_METHOD_MATCH = YES;
				COPY_PHASE_STRIP = NO;
				DEBUG_INFORMATION_FORMAT = dwarf;
				ENABLE_STRICT_OBJC_MSGSEND = YES;
				ENABLE_TESTABILITY = YES;
				GCC_C_LANGUAGE_STANDARD = gnu11;
				GCC_DYNAMIC_NO_PIC = NO;
				GCC_NO_COMMON_BLOCKS = YES;
				GCC_OPTIMIZATION_LEVEL = 0;
				GCC_PREPROCESSOR_DEFINITIONS = (
					"DEBUG=1",
					"$(inherited)",
				);
				GCC_WARN_64_TO_32_BIT_CONVERSION = YES;
				GCC_WARN_ABOUT_RETURN_TYPE = YES_ERROR;
				GCC_WARN_UNDECLARED_SELECTOR = YES;
				GCC_WARN_UNINITIALIZED_AUTOS = YES_AGGRESSIVE;
				GCC_WARN_UNUSED_FUNCTION = YES;
				GCC_WARN_UNUSED_VARIABLE = YES;
				IPHONEOS_DEPLOYMENT_TARGET = 13.2;
				MTL_ENABLE_DEBUG_INFO = INCLUDE_SOURCE;
				MTL_FAST_MATH = YES;
				ONLY_ACTIVE_ARCH = YES;
				SDKROOT = iphoneos;
				SWIFT_ACTIVE_COMPILATION_CONDITIONS = DEBUG;
				SWIFT_OPTIMIZATION_LEVEL = "-Onone";
			};
			name = Debug;
		};
		A5A17F6723D81980007D1CA9 /* Release */ = {
			isa = XCBuildConfiguration;
			buildSettings = {
				ALWAYS_SEARCH_USER_PATHS = NO;
				CLANG_ANALYZER_NONNULL = YES;
				CLANG_ANALYZER_NUMBER_OBJECT_CONVERSION = YES_AGGRESSIVE;
				CLANG_CXX_LANGUAGE_STANDARD = "gnu++14";
				CLANG_CXX_LIBRARY = "libc++";
				CLANG_ENABLE_MODULES = YES;
				CLANG_ENABLE_OBJC_ARC = YES;
				CLANG_ENABLE_OBJC_WEAK = YES;
				CLANG_WARN_BLOCK_CAPTURE_AUTORELEASING = YES;
				CLANG_WARN_BOOL_CONVERSION = YES;
				CLANG_WARN_COMMA = YES;
				CLANG_WARN_CONSTANT_CONVERSION = YES;
				CLANG_WARN_DEPRECATED_OBJC_IMPLEMENTATIONS = YES;
				CLANG_WARN_DIRECT_OBJC_ISA_USAGE = YES_ERROR;
				CLANG_WARN_DOCUMENTATION_COMMENTS = YES;
				CLANG_WARN_EMPTY_BODY = YES;
				CLANG_WARN_ENUM_CONVERSION = YES;
				CLANG_WARN_INFINITE_RECURSION = YES;
				CLANG_WARN_INT_CONVERSION = YES;
				CLANG_WARN_NON_LITERAL_NULL_CONVERSION = YES;
				CLANG_WARN_OBJC_IMPLICIT_RETAIN_SELF = YES;
				CLANG_WARN_OBJC_LITERAL_CONVERSION = YES;
				CLANG_WARN_OBJC_ROOT_CLASS = YES_ERROR;
				CLANG_WARN_RANGE_LOOP_ANALYSIS = YES;
				CLANG_WARN_STRICT_PROTOTYPES = YES;
				CLANG_WARN_SUSPICIOUS_MOVE = YES;
				CLANG_WARN_UNGUARDED_AVAILABILITY = YES_AGGRESSIVE;
				CLANG_WARN_UNREACHABLE_CODE = YES;
				CLANG_WARN__DUPLICATE_METHOD_MATCH = YES;
				COPY_PHASE_STRIP = NO;
				DEBUG_INFORMATION_FORMAT = "dwarf-with-dsym";
				ENABLE_NS_ASSERTIONS = NO;
				ENABLE_STRICT_OBJC_MSGSEND = YES;
				GCC_C_LANGUAGE_STANDARD = gnu11;
				GCC_NO_COMMON_BLOCKS = YES;
				GCC_WARN_64_TO_32_BIT_CONVERSION = YES;
				GCC_WARN_ABOUT_RETURN_TYPE = YES_ERROR;
				GCC_WARN_UNDECLARED_SELECTOR = YES;
				GCC_WARN_UNINITIALIZED_AUTOS = YES_AGGRESSIVE;
				GCC_WARN_UNUSED_FUNCTION = YES;
				GCC_WARN_UNUSED_VARIABLE = YES;
				IPHONEOS_DEPLOYMENT_TARGET = 13.2;
				MTL_ENABLE_DEBUG_INFO = NO;
				MTL_FAST_MATH = YES;
				SDKROOT = iphoneos;
				SWIFT_COMPILATION_MODE = wholemodule;
				SWIFT_OPTIMIZATION_LEVEL = "-O";
				VALIDATE_PRODUCT = YES;
			};
			name = Release;
		};
		A5A17F6923D81980007D1CA9 /* Debug */ = {
			isa = XCBuildConfiguration;
			buildSettings = {
				ASSETCATALOG_COMPILER_APPICON_NAME = AppIcon;
				CODE_SIGN_STYLE = Automatic;
				DEVELOPMENT_TEAM = TBU99BV36Y;
				INFOPLIST_FILE = TestForHome/Info.plist;
				LD_RUNPATH_SEARCH_PATHS = (
					"$(inherited)",
					"@executable_path/Frameworks",
				);
				PRODUCT_BUNDLE_IDENTIFIER = ru.yakovlevsergey.TestForHome;
				PRODUCT_NAME = "$(TARGET_NAME)";
				SWIFT_VERSION = 5.0;
				TARGETED_DEVICE_FAMILY = 1;
			};
			name = Debug;
		};
		A5A17F6A23D81980007D1CA9 /* Release */ = {
			isa = XCBuildConfiguration;
			buildSettings = {
				ASSETCATALOG_COMPILER_APPICON_NAME = AppIcon;
				CODE_SIGN_STYLE = Automatic;
				DEVELOPMENT_TEAM = TBU99BV36Y;
				INFOPLIST_FILE = TestForHome/Info.plist;
				LD_RUNPATH_SEARCH_PATHS = (
					"$(inherited)",
					"@executable_path/Frameworks",
				);
				PRODUCT_BUNDLE_IDENTIFIER = ru.yakovlevsergey.TestForHome;
				PRODUCT_NAME = "$(TARGET_NAME)";
				SWIFT_VERSION = 5.0;
				TARGETED_DEVICE_FAMILY = 1;
			};
			name = Release;
		};
/* End XCBuildConfiguration section */

/* Begin XCConfigurationList section */
		A5A17F4F23D8197A007D1CA9 /* Build configuration list for PBXProject "TestForHome" */ = {
			isa = XCConfigurationList;
			buildConfigurations = (
				A5A17F6623D81980007D1CA9 /* Debug */,
				A5A17F6723D81980007D1CA9 /* Release */,
			);
			defaultConfigurationIsVisible = 0;
			defaultConfigurationName = Release;
		};
		A5A17F6823D81980007D1CA9 /* Build configuration list for PBXNativeTarget "TestForHome" */ = {
			isa = XCConfigurationList;
			buildConfigurations = (
				A5A17F6923D81980007D1CA9 /* Debug */,
				A5A17F6A23D81980007D1CA9 /* Release */,
			);
			defaultConfigurationIsVisible = 0;
			defaultConfigurationName = Release;
		};
/* End XCConfigurationList section */
	};
	rootObject = A5A17F4C23D8197A007D1CA9 /* Project object */;
}
